
Microsoft Visual Studio Solution File, Format Version 12.00
# Visual Studio Version 16
VisualStudioVersion = 16.0.30011.22
MinimumVisualStudioVersion = 10.0.40219.1
Project("{FAE04EC0-301F-11D3-BF4B-00C04F79EFBC}") = "Task1", "Task1\Task1.csproj", "{1887E7A9-18FE-4114-A24A-7CE53C8797EE}"
EndProject
Project("{FAE04EC0-301F-11D3-BF4B-00C04F79EFBC}") = "Task2", "Task2\Task2.csproj", "{2E23816F-31A1-487F-BA2E-1D857FA6CB4D}"
EndProject
Project("{FAE04EC0-301F-11D3-BF4B-00C04F79EFBC}") = "Task3", "Task3\Task3.csproj", "{7889FE90-D348-433A-B911-557E10AE4F0C}"
EndProject
Global
	GlobalSection(SolutionConfigurationPlatforms) = preSolution
		Debug|Any CPU = Debug|Any CPU
		Release|Any CPU = Release|Any CPU
	EndGlobalSection
	GlobalSection(ProjectConfigurationPlatforms) = postSolution
		{1887E7A9-18FE-4114-A24A-7CE53C8797EE}.Debug|Any CPU.ActiveCfg = Debug|Any CPU
		{1887E7A9-18FE-4114-A24A-7CE53C8797EE}.Debug|Any CPU.Build.0 = Debug|Any CPU
		{1887E7A9-18FE-4114-A24A-7CE53C8797EE}.Release|Any CPU.ActiveCfg = Release|Any CPU
		{1887E7A9-18FE-4114-A24A-7CE53C8797EE}.Release|Any CPU.Build.0 = Release|Any CPU
		{2E23816F-31A1-487F-BA2E-1D857FA6CB4D}.Debug|Any CPU.ActiveCfg = Debug|Any CPU
		{2E23816F-31A1-487F-BA2E-1D857FA6CB4D}.Debug|Any CPU.Build.0 = Debug|Any CPU
		{2E23816F-31A1-487F-BA2E-1D857FA6CB4D}.Release|Any CPU.ActiveCfg = Release|Any CPU
		{2E23816F-31A1-487F-BA2E-1D857FA6CB4D}.Release|Any CPU.Build.0 = Release|Any CPU
		{7889FE90-D348-433A-B911-557E10AE4F0C}.Debug|Any CPU.ActiveCfg = Debug|Any CPU
		{7889FE90-D348-433A-B911-557E10AE4F0C}.Debug|Any CPU.Build.0 = Debug|Any CPU
		{7889FE90-D348-433A-B911-557E10AE4F0C}.Release|Any CPU.ActiveCfg = Release|Any CPU
		{7889FE90-D348-433A-B911-557E10AE4F0C}.Release|Any CPU.Build.0 = Release|Any CPU
	EndGlobalSection
	GlobalSection(SolutionProperties) = preSolution
		HideSolutionNode = FALSE
	EndGlobalSection
	GlobalSection(ExtensibilityGlobals) = postSolution
		SolutionGuid = {3CFB6292-9F42-4FC1-985B-5B0C03208DEB}
	EndGlobalSection
EndGlobal
